// !$*UTF8*$!
{
	archiveVersion = 1;
	classes = {
	};
	objectVersion = 56;
	objects = {

/* Begin PBXBuildFile section */
		6F4D5A812982FC3600B29879 /* Egg.swift in Sources */ = {isa = PBXBuildFile; fileRef = 6F4D5A802982FC3600B29879 /* Egg.swift */; };
		6F4D5A832982FECD00B29879 /* EggView.swift in Sources */ = {isa = PBXBuildFile; fileRef = 6F4D5A822982FECD00B29879 /* EggView.swift */; };
		6F4D5A852983060000B29879 /* Time.swift in Sources */ = {isa = PBXBuildFile; fileRef = 6F4D5A842983060000B29879 /* Time.swift */; };
		6F5A692729828B7800699571 /* ___EggTimer_SUIApp.swift in Sources */ = {isa = PBXBuildFile; fileRef = 6F5A692629828B7800699571 /* ___EggTimer_SUIApp.swift */; };
		6F5A692929828B7800699571 /* ContentView.swift in Sources */ = {isa = PBXBuildFile; fileRef = 6F5A692829828B7800699571 /* ContentView.swift */; };
		6F5A692B29828B7B00699571 /* Assets.xcassets in Resources */ = {isa = PBXBuildFile; fileRef = 6F5A692A29828B7B00699571 /* Assets.xcassets */; };
		6F5A692E29828B7B00699571 /* Preview Assets.xcassets in Resources */ = {isa = PBXBuildFile; fileRef = 6F5A692D29828B7B00699571 /* Preview Assets.xcassets */; };
		6F5A693729828C7000699571 /* alarm_sound.mp3 in Resources */ = {isa = PBXBuildFile; fileRef = 6F5A693629828C7000699571 /* alarm_sound.mp3 */; };
/* End PBXBuildFile section */

/* Begin PBXFileReference section */
		6F4D5A802982FC3600B29879 /* Egg.swift */ = {isa = PBXFileReference; lastKnownFileType = sourcecode.swift; path = Egg.swift; sourceTree = "<group>"; };
		6F4D5A822982FECD00B29879 /* EggView.swift */ = {isa = PBXFileReference; lastKnownFileType = sourcecode.swift; path = EggView.swift; sourceTree = "<group>"; };
		6F4D5A842983060000B29879 /* Time.swift */ = {isa = PBXFileReference; lastKnownFileType = sourcecode.swift; path = Time.swift; sourceTree = "<group>"; };
		6F5A692329828B7800699571 /* 4. EggTimer-SUI.app */ = {isa = PBXFileReference; explicitFileType = wrapper.application; includeInIndex = 0; path = "4. EggTimer-SUI.app"; sourceTree = BUILT_PRODUCTS_DIR; };
		6F5A692629828B7800699571 /* ___EggTimer_SUIApp.swift */ = {isa = PBXFileReference; lastKnownFileType = sourcecode.swift; path = "___EggTimer_SUIApp.swift"; sourceTree = "<group>"; };
		6F5A692829828B7800699571 /* ContentView.swift */ = {isa = PBXFileReference; lastKnownFileType = sourcecode.swift; path = ContentView.swift; sourceTree = "<group>"; };
		6F5A692A29828B7B00699571 /* Assets.xcassets */ = {isa = PBXFileReference; lastKnownFileType = folder.assetcatalog; path = Assets.xcassets; sourceTree = "<group>"; };
		6F5A692D29828B7B00699571 /* Preview Assets.xcassets */ = {isa = PBXFileReference; lastKnownFileType = folder.assetcatalog; path = "Preview Assets.xcassets"; sourceTree = "<group>"; };
		6F5A693629828C7000699571 /* alarm_sound.mp3 */ = {isa = PBXFileReference; lastKnownFileType = audio.mp3; path = alarm_sound.mp3; sourceTree = "<group>"; };
/* End PBXFileReference section */

/* Begin PBXFrameworksBuildPhase section */
		6F5A692029828B7800699571 /* Frameworks */ = {
			isa = PBXFrameworksBuildPhase;
			buildActionMask = 2147483647;
			files = (
			);
			runOnlyForDeploymentPostprocessing = 0;
		};
/* End PBXFrameworksBuildPhase section */

/* Begin PBXGroup section */
		6F4D5A862983087A00B29879 /* Model */ = {
			isa = PBXGroup;
			children = (
				6F4D5A802982FC3600B29879 /* Egg.swift */,
				6F4D5A842983060000B29879 /* Time.swift */,
			);
			path = Model;
			sourceTree = "<group>";
		};
		6F5A691A29828B7800699571 = {
			isa = PBXGroup;
			children = (
				6F5A692529828B7800699571 /* 4. EggTimer-SUI */,
				6F5A692429828B7800699571 /* Products */,
			);
			sourceTree = "<group>";
		};
		6F5A692429828B7800699571 /* Products */ = {
			isa = PBXGroup;
			children = (
				6F5A692329828B7800699571 /* 4. EggTimer-SUI.app */,
			);
			name = Products;
			sourceTree = "<group>";
		};
		6F5A692529828B7800699571 /* 4. EggTimer-SUI */ = {
			isa = PBXGroup;
			children = (
				6F5A692629828B7800699571 /* ___EggTimer_SUIApp.swift */,
				6F4D5A862983087A00B29879 /* Model */,
				6F5A692829828B7800699571 /* ContentView.swift */,
				6F4D5A822982FECD00B29879 /* EggView.swift */,
				6F5A692A29828B7B00699571 /* Assets.xcassets */,
				6F5A693629828C7000699571 /* alarm_sound.mp3 */,
				6F5A692C29828B7B00699571 /* Preview Content */,
			);
			path = "4. EggTimer-SUI";
			sourceTree = "<group>";
		};
		6F5A692C29828B7B00699571 /* Preview Content */ = {
			isa = PBXGroup;
			children = (
				6F5A692D29828B7B00699571 /* Preview Assets.xcassets */,
			);
			path = "Preview Content";
			sourceTree = "<group>";
		};
/* End PBXGroup section */

/* Begin PBXNativeTarget section */
		6F5A692229828B7800699571 /* 4. EggTimer-SUI */ = {
			isa = PBXNativeTarget;
			buildConfigurationList = 6F5A693129828B7B00699571 /* Build configuration list for PBXNativeTarget "4. EggTimer-SUI" */;
			buildPhases = (
				6F5A691F29828B7800699571 /* Sources */,
				6F5A692029828B7800699571 /* Frameworks */,
				6F5A692129828B7800699571 /* Resources */,
			);
			buildRules = (
			);
			dependencies = (
			);
			name = "4. EggTimer-SUI";
			productName = "4. EggTimer-SUI";
			productReference = 6F5A692329828B7800699571 /* 4. EggTimer-SUI.app */;
			productType = "com.apple.product-type.application";
		};
/* End PBXNativeTarget section */

/* Begin PBXProject section */
		6F5A691B29828B7800699571 /* Project object */ = {
			isa = PBXProject;
			attributes = {
				BuildIndependentTargetsInParallel = 1;
				LastSwiftUpdateCheck = 1420;
				LastUpgradeCheck = 1420;
				TargetAttributes = {
					6F5A692229828B7800699571 = {
						CreatedOnToolsVersion = 14.2;
					};
				};
			};
			buildConfigurationList = 6F5A691E29828B7800699571 /* Build configuration list for PBXProject "4. EggTimer-SUI" */;
			compatibilityVersion = "Xcode 14.0";
			developmentRegion = en;
			hasScannedForEncodings = 0;
			knownRegions = (
				en,
				Base,
			);
			mainGroup = 6F5A691A29828B7800699571;
			productRefGroup = 6F5A692429828B7800699571 /* Products */;
			projectDirPath = "";
			projectRoot = "";
			targets = (
				6F5A692229828B7800699571 /* 4. EggTimer-SUI */,
			);
		};
/* End PBXProject section */

/* Begin PBXResourcesBuildPhase section */
		6F5A692129828B7800699571 /* Resources */ = {
			isa = PBXResourcesBuildPhase;
			buildActionMask = 2147483647;
			files = (
				6F5A692E29828B7B00699571 /* Preview Assets.xcassets in Resources */,
				6F5A693729828C7000699571 /* alarm_sound.mp3 in Resources */,
				6F5A692B29828B7B00699571 /* Assets.xcassets in Resources */,
			);
			runOnlyForDeploymentPostprocessing = 0;
		};
/* End PBXResourcesBuildPhase section */

/* Begin PBXSourcesBuildPhase section */
		6F5A691F29828B7800699571 /* Sources */ = {
			isa = PBXSourcesBuildPhase;
			buildActionMask = 2147483647;
			files = (
				6F4D5A812982FC3600B29879 /* Egg.swift in Sources */,
				6F5A692929828B7800699571 /* ContentView.swift in Sources */,
				6F4D5A852983060000B29879 /* Time.swift in Sources */,
				6F4D5A832982FECD00B29879 /* EggView.swift in Sources */,
				6F5A692729828B7800699571 /* ___EggTimer_SUIApp.swift in Sources */,
			);
			runOnlyForDeploymentPostprocessing = 0;
		};
/* End PBXSourcesBuildPhase section */

/* Begin XCBuildConfiguration section */
		6F5A692F29828B7B00699571 /* Debug */ = {
			isa = XCBuildConfiguration;
			buildSettings = {
				ALWAYS_SEARCH_USER_PATHS = NO;
				CLANG_ANALYZER_NONNULL = YES;
				CLANG_ANALYZER_NUMBER_OBJECT_CONVERSION = YES_AGGRESSIVE;
				CLANG_CXX_LANGUAGE_STANDARD = "gnu++20";
				CLANG_ENABLE_MODULES = YES;
				CLANG_ENABLE_OBJC_ARC = YES;
				CLANG_ENABLE_OBJC_WEAK = YES;
				CLANG_WARN_BLOCK_CAPTURE_AUTORELEASING = YES;
				CLANG_WARN_BOOL_CONVERSION = YES;
				CLANG_WARN_COMMA = YES;
				CLANG_WARN_CONSTANT_CONVERSION = YES;
				CLANG_WARN_DEPRECATED_OBJC_IMPLEMENTATIONS = YES;
				CLANG_WARN_DIRECT_OBJC_ISA_USAGE = YES_ERROR;
				CLANG_WARN_DOCUMENTATION_COMMENTS = YES;
				CLANG_WARN_EMPTY_BODY = YES;
				CLANG_WARN_ENUM_CONVERSION = YES;
				CLANG_WARN_INFINITE_RECURSION = YES;
				CLANG_WARN_INT_CONVERSION = YES;
				CLANG_WARN_NON_LITERAL_NULL_CONVERSION = YES;
				CLANG_WARN_OBJC_IMPLICIT_RETAIN_SELF = YES;
				CLANG_WARN_OBJC_LITERAL_CONVERSION = YES;
				CLANG_WARN_OBJC_ROOT_CLASS = YES_ERROR;
				CLANG_WARN_QUOTED_INCLUDE_IN_FRAMEWORK_HEADER = YES;
				CLANG_WARN_RANGE_LOOP_ANALYSIS = YES;
				CLANG_WARN_STRICT_PROTOTYPES = YES;
				CLANG_WARN_SUSPICIOUS_MOVE = YES;
				CLANG_WARN_UNGUARDED_AVAILABILITY = YES_AGGRESSIVE;
				CLANG_WARN_UNREACHABLE_CODE = YES;
				CLANG_WARN__DUPLICATE_METHOD_MATCH = YES;
				COPY_PHASE_STRIP = NO;
				DEBUG_INFORMATION_FORMAT = dwarf;
				ENABLE_STRICT_OBJC_MSGSEND = YES;
				ENABLE_TESTABILITY = YES;
				GCC_C_LANGUAGE_STANDARD = gnu11;
				GCC_DYNAMIC_NO_PIC = NO;
				GCC_NO_COMMON_BLOCKS = YES;
				GCC_OPTIMIZATION_LEVEL = 0;
				GCC_PREPROCESSOR_DEFINITIONS = (
					"DEBUG=1",
					"$(inherited)",
				);
				GCC_WARN_64_TO_32_BIT_CONVERSION = YES;
				GCC_WARN_ABOUT_RETURN_TYPE = YES_ERROR;
				GCC_WARN_UNDECLARED_SELECTOR = YES;
				GCC_WARN_UNINITIALIZED_AUTOS = YES_AGGRESSIVE;
				GCC_WARN_UNUSED_FUNCTION = YES;
				GCC_WARN_UNUSED_VARIABLE = YES;
				IPHONEOS_DEPLOYMENT_TARGET = 16.2;
				MTL_ENABLE_DEBUG_INFO = INCLUDE_SOURCE;
				MTL_FAST_MATH = YES;
				ONLY_ACTIVE_ARCH = YES;
				SDKROOT = iphoneos;
				SWIFT_ACTIVE_COMPILATION_CONDITIONS = DEBUG;
				SWIFT_OPTIMIZATION_LEVEL = "-Onone";
			};
			name = Debug;
		};
		6F5A693029828B7B00699571 /* Release */ = {
			isa = XCBuildConfiguration;
			buildSettings = {
				ALWAYS_SEARCH_USER_PATHS = NO;
				CLANG_ANALYZER_NONNULL = YES;
				CLANG_ANALYZER_NUMBER_OBJECT_CONVERSION = YES_AGGRESSIVE;
				CLANG_CXX_LANGUAGE_STANDARD = "gnu++20";
				CLANG_ENABLE_MODULES = YES;
				CLANG_ENABLE_OBJC_ARC = YES;
				CLANG_ENABLE_OBJC_WEAK = YES;
				CLANG_WARN_BLOCK_CAPTURE_AUTORELEASING = YES;
				CLANG_WARN_BOOL_CONVERSION = YES;
				CLANG_WARN_COMMA = YES;
				CLANG_WARN_CONSTANT_CONVERSION = YES;
				CLANG_WARN_DEPRECATED_OBJC_IMPLEMENTATIONS = YES;
				CLANG_WARN_DIRECT_OBJC_ISA_USAGE = YES_ERROR;
				CLANG_WARN_DOCUMENTATION_COMMENTS = YES;
				CLANG_WARN_EMPTY_BODY = YES;
				CLANG_WARN_ENUM_CONVERSION = YES;
				CLANG_WARN_INFINITE_RECURSION = YES;
				CLANG_WARN_INT_CONVERSION = YES;
				CLANG_WARN_NON_LITERAL_NULL_CONVERSION = YES;
				CLANG_WARN_OBJC_IMPLICIT_RETAIN_SELF = YES;
				CLANG_WARN_OBJC_LITERAL_CONVERSION = YES;
				CLANG_WARN_OBJC_ROOT_CLASS = YES_ERROR;
				CLANG_WARN_QUOTED_INCLUDE_IN_FRAMEWORK_HEADER = YES;
				CLANG_WARN_RANGE_LOOP_ANALYSIS = YES;
				CLANG_WARN_STRICT_PROTOTYPES = YES;
				CLANG_WARN_SUSPICIOUS_MOVE = YES;
				CLANG_WARN_UNGUARDED_AVAILABILITY = YES_AGGRESSIVE;
				CLANG_WARN_UNREACHABLE_CODE = YES;
				CLANG_WARN__DUPLICATE_METHOD_MATCH = YES;
				COPY_PHASE_STRIP = NO;
				DEBUG_INFORMATION_FORMAT = "dwarf-with-dsym";
				ENABLE_NS_ASSERTIONS = NO;
				ENABLE_STRICT_OBJC_MSGSEND = YES;
				GCC_C_LANGUAGE_STANDARD = gnu11;
				GCC_NO_COMMON_BLOCKS = YES;
				GCC_WARN_64_TO_32_BIT_CONVERSION = YES;
				GCC_WARN_ABOUT_RETURN_TYPE = YES_ERROR;
				GCC_WARN_UNDECLARED_SELECTOR = YES;
				GCC_WARN_UNINITIALIZED_AUTOS = YES_AGGRESSIVE;
				GCC_WARN_UNUSED_FUNCTION = YES;
				GCC_WARN_UNUSED_VARIABLE = YES;
				IPHONEOS_DEPLOYMENT_TARGET = 16.2;
				MTL_ENABLE_DEBUG_INFO = NO;
				MTL_FAST_MATH = YES;
				SDKROOT = iphoneos;
				SWIFT_COMPILATION_MODE = wholemodule;
				SWIFT_OPTIMIZATION_LEVEL = "-O";
				VALIDATE_PRODUCT = YES;
			};
			name = Release;
		};
		6F5A693229828B7B00699571 /* Debug */ = {
			isa = XCBuildConfiguration;
			buildSettings = {
				ASSETCATALOG_COMPILER_APPICON_NAME = AppIcon;
				ASSETCATALOG_COMPILER_GLOBAL_ACCENT_COLOR_NAME = AccentColor;
				CODE_SIGN_STYLE = Automatic;
				CURRENT_PROJECT_VERSION = 1;
				DEVELOPMENT_ASSET_PATHS = "\"4. EggTimer-SUI/Preview Content\"";
				DEVELOPMENT_TEAM = 9T65XWHQL7;
				ENABLE_PREVIEWS = YES;
				GENERATE_INFOPLIST_FILE = YES;
				INFOPLIST_KEY_UIApplicationSceneManifest_Generation = YES;
				INFOPLIST_KEY_UIApplicationSupportsIndirectInputEvents = YES;
				INFOPLIST_KEY_UILaunchScreen_Generation = YES;
				INFOPLIST_KEY_UISupportedInterfaceOrientations_iPad = "UIInterfaceOrientationPortrait UIInterfaceOrientationPortraitUpsideDown UIInterfaceOrientationLandscapeLeft UIInterfaceOrientationLandscapeRight";
				INFOPLIST_KEY_UISupportedInterfaceOrientations_iPhone = "UIInterfaceOrientationPortrait UIInterfaceOrientationLandscapeLeft UIInterfaceOrientationLandscapeRight";
				LD_RUNPATH_SEARCH_PATHS = (
					"$(inherited)",
					"@executable_path/Frameworks",
				);
				MARKETING_VERSION = 1.0;
				PRODUCT_BUNDLE_IDENTIFIER = "ru.MrMurmanProd.---EggTimer-SUI";
				PRODUCT_NAME = "$(TARGET_NAME)";
				SWIFT_EMIT_LOC_STRINGS = YES;
				SWIFT_VERSION = 5.0;
				TARGETED_DEVICE_FAMILY = "1,2";
			};
			name = Debug;
		};
		6F5A693329828B7B00699571 /* Release */ = {
			isa = XCBuildConfiguration;
			buildSettings = {
				ASSETCATALOG_COMPILER_APPICON_NAME = AppIcon;
				ASSETCATALOG_COMPILER_GLOBAL_ACCENT_COLOR_NAME = AccentColor;
				CODE_SIGN_STYLE = Automatic;
				CURRENT_PROJECT_VERSION = 1;
				DEVELOPMENT_ASSET_PATHS = "\"4. EggTimer-SUI/Preview Content\"";
				DEVELOPMENT_TEAM = 9T65XWHQL7;
				ENABLE_PREVIEWS = YES;
				GENERATE_INFOPLIST_FILE = YES;
				INFOPLIST_KEY_UIApplicationSceneManifest_Generation = YES;
				INFOPLIST_KEY_UIApplicationSupportsIndirectInputEvents = YES;
				INFOPLIST_KEY_UILaunchScreen_Generation = YES;
				INFOPLIST_KEY_UISupportedInterfaceOrientations_iPad = "UIInterfaceOrientationPortrait UIInterfaceOrientationPortraitUpsideDown UIInterfaceOrientationLandscapeLeft UIInterfaceOrientationLandscapeRight";
				INFOPLIST_KEY_UISupportedInterfaceOrientations_iPhone = "UIInterfaceOrientationPortrait UIInterfaceOrientationLandscapeLeft UIInterfaceOrientationLandscapeRight";
				LD_RUNPATH_SEARCH_PATHS = (
					"$(inherited)",
					"@executable_path/Frameworks",
				);
				MARKETING_VERSION = 1.0;
				PRODUCT_BUNDLE_IDENTIFIER = "ru.MrMurmanProd.---EggTimer-SUI";
				PRODUCT_NAME = "$(TARGET_NAME)";
				SWIFT_EMIT_LOC_STRINGS = YES;
				SWIFT_VERSION = 5.0;
				TARGETED_DEVICE_FAMILY = "1,2";
			};
			name = Release;
		};
/* End XCBuildConfiguration section */

/* Begin XCConfigurationList section */
		6F5A691E29828B7800699571 /* Build configuration list for PBXProject "4. EggTimer-SUI" */ = {
			isa = XCConfigurationList;
			buildConfigurations = (
				6F5A692F29828B7B00699571 /* Debug */,
				6F5A693029828B7B00699571 /* Release */,
			);
			defaultConfigurationIsVisible = 0;
			defaultConfigurationName = Release;
		};
		6F5A693129828B7B00699571 /* Build configuration list for PBXNativeTarget "4. EggTimer-SUI" */ = {
			isa = XCConfigurationList;
			buildConfigurations = (
				6F5A693229828B7B00699571 /* Debug */,
				6F5A693329828B7B00699571 /* Release */,
			);
			defaultConfigurationIsVisible = 0;
			defaultConfigurationName = Release;
		};
/* End XCConfigurationList section */
	};
	rootObject = 6F5A691B29828B7800699571 /* Project object */;
}
